# This file is automatically @generated by Poetry 1.7.1 and should not be changed by hand.

[[package]]
name = "grpcio"
version = "1.53.2"
description = "HTTP/2-based RPC framework"
optional = false
python-versions = ">=3.7"
files = [
    {file = "grpcio-1.53.2-cp310-cp310-linux_armv7l.whl", hash = "sha256:18afdda2bbe0c615da4daff754cab0df9bbd859c415d85e7e741a2975b3208b4"},
    {file = "grpcio-1.53.2-cp310-cp310-macosx_12_0_universal2.whl", hash = "sha256:33f7678287ac330c94e25f96cdb951e0861e206115ba4d8ea66cf6546b1a09d0"},
    {file = "grpcio-1.53.2-cp310-cp310-manylinux_2_17_aarch64.whl", hash = "sha256:1af074f28a56425e4f4d99761708981543a27ae963f5b4b0a36ff71f3483479d"},
    {file = "grpcio-1.53.2-cp310-cp310-manylinux_2_17_i686.manylinux2014_i686.whl", hash = "sha256:df07843c8c0dc71a56d3af3dfe19165fb0d3af7d3354a72185f6fa1b4ac05cab"},
    {file = "grpcio-1.53.2-cp310-cp310-manylinux_2_17_x86_64.manylinux2014_x86_64.whl", hash = "sha256:5b403c4ad22f3ba37c7720547d8888a1e4b74ad980a94332bbbc50330b623abc"},
    {file = "grpcio-1.53.2-cp310-cp310-musllinux_1_1_i686.whl", hash = "sha256:6275a54b41d6b1ec539b019bc3affaf6d05b0a0ba36af1a65b8a2810ef69e07d"},
    {file = "grpcio-1.53.2-cp310-cp310-musllinux_1_1_x86_64.whl", hash = "sha256:0e92dc6a85cd1de42527812ef1276095e62169d002d86c888b6e889fcda1dd29"},
    {file = "grpcio-1.53.2-cp310-cp310-win32.whl", hash = "sha256:6be86e8d5cf47415968588e5dfbfb92ee8757fb41139584192b67050d1a72c58"},
    {file = "grpcio-1.53.2-cp310-cp310-win_amd64.whl", hash = "sha256:5b49f372df33f5f84865aef5d46cacd23180b586c80e8cbe0ce149b96dfa8c4c"},
    {file = "grpcio-1.53.2-cp311-cp311-linux_armv7l.whl", hash = "sha256:8166ac6671472d172cc0db50323b7a7504bd534de54aa31354465a00ca44409d"},
    {file = "grpcio-1.53.2-cp311-cp311-macosx_10_10_universal2.whl", hash = "sha256:f7e66d8b31ef2bada7029275debbe12c97397ec7ac70a659837a7b8a6a9dc916"},
    {file = "grpcio-1.53.2-cp311-cp311-manylinux_2_17_aarch64.whl", hash = "sha256:712113946b303db9ae4245a13de213710367850a6c3c53530b70e87989feb8e0"},
    {file = "grpcio-1.53.2-cp311-cp311-manylinux_2_17_i686.manylinux2014_i686.whl", hash = "sha256:f3761f9a6817e32898eaa5aecd0b0ad69d0c68ab45ea7bf206e8dc4548f025f0"},
    {file = "grpcio-1.53.2-cp311-cp311-manylinux_2_17_x86_64.manylinux2014_x86_64.whl", hash = "sha256:24c63592103fded38b258f1e520ba8b0a7a0bbc397cddd6520a1f74dc4b5dec0"},
    {file = "grpcio-1.53.2-cp311-cp311-musllinux_1_1_i686.whl", hash = "sha256:53d34cbf212f03634d74ba366d595b4a06a3b60fcc731eddbd6fd7ebe4acf981"},
    {file = "grpcio-1.53.2-cp311-cp311-musllinux_1_1_x86_64.whl", hash = "sha256:3b789472e9ef75d179295d0c6a1f7f0aefd08189cd1c822b068b0523365a1dbe"},
    {file = "grpcio-1.53.2-cp311-cp311-win32.whl", hash = "sha256:7b44ed75b9d67d17e5a098a0f99a8fd3e5861fd3c4eb54212277a0acdf298434"},
    {file = "grpcio-1.53.2-cp311-cp311-win_amd64.whl", hash = "sha256:1d1a320230e0d020880178b8eb453300bd57700b44c3744268370502e7376a9b"},
    {file = "grpcio-1.53.2-cp37-cp37m-linux_armv7l.whl", hash = "sha256:69e99fe6bdc2cdacd04cef6b6585b00630d958c98e36d825de3eea406e15fb31"},
    {file = "grpcio-1.53.2-cp37-cp37m-macosx_10_10_universal2.whl", hash = "sha256:590c7206f764cfe37a65003a75977358e20919ed488f970935f54efa2741b497"},
    {file = "grpcio-1.53.2-cp37-cp37m-manylinux_2_17_aarch64.whl", hash = "sha256:1fcced1abb13cdb6a5d8b105765d30212a6cb29ab0dfb01eedecf2ff6c84371b"},
    {file = "grpcio-1.53.2-cp37-cp37m-manylinux_2_17_i686.manylinux2014_i686.whl", hash = "sha256:07b83c06e7d113044cf3da15ca52f578c5f3dca299af711e9a589c1b71eb8be5"},
    {file = "grpcio-1.53.2-cp37-cp37m-manylinux_2_17_x86_64.manylinux2014_x86_64.whl", hash = "sha256:a3bee217bda6b2c81d9e2866f523217135a03a007a89043eee074e93d76706b0"},
    {file = "grpcio-1.53.2-cp37-cp37m-musllinux_1_1_i686.whl", hash = "sha256:9efbedc737ba342d8a2459afc9bd5c5df31adcdf774b772a4e663739f2cf0d06"},
    {file = "grpcio-1.53.2-cp37-cp37m-musllinux_1_1_x86_64.whl", hash = "sha256:0f76287d98ec79a38cba8292d0bdcd6ab9b9daf568dce1d53b9eb0135fc14d26"},
    {file = "grpcio-1.53.2-cp37-cp37m-win_amd64.whl", hash = "sha256:d406cf2f6ccf39883a24b048c448a37bac16939408c1b6fbb4d021f3cd961448"},
    {file = "grpcio-1.53.2-cp38-cp38-linux_armv7l.whl", hash = "sha256:f9f7c0dd17f24e1774cc3a8df738246772994e853c28b28ed6ba7711ccf0abb4"},
    {file = "grpcio-1.53.2-cp38-cp38-macosx_10_10_universal2.whl", hash = "sha256:f14a82d12d53eb93298c35edf88d8c3ef37243b95f94dd3c75fddcba575d34ab"},
    {file = "grpcio-1.53.2-cp38-cp38-manylinux_2_17_aarch64.whl", hash = "sha256:1deeb84bb344351434f999cea4704ac6f1e07b3d861e34c44b50d8afa06caaa1"},
    {file = "grpcio-1.53.2-cp38-cp38-manylinux_2_17_i686.manylinux2014_i686.whl", hash = "sha256:7cbf1e3aaec3edf734ef90182363a395d234cd4790544be914cedbe1b9fec99a"},
    {file = "grpcio-1.53.2-cp38-cp38-manylinux_2_17_x86_64.manylinux2014_x86_64.whl", hash = "sha256:7ea235cecb9df14b49a75cbd27a634683a96bb76576363407ec820ae454ce2b2"},
    {file = "grpcio-1.53.2-cp38-cp38-musllinux_1_1_i686.whl", hash = "sha256:1df931fbb4c36363d2cb985c2c26fda8f060b541a89c6c1191fdb59151a8c934"},
    {file = "grpcio-1.53.2-cp38-cp38-musllinux_1_1_x86_64.whl", hash = "sha256:7734d1b91f1f3b1f186debf8ec4d168ee088a54e8186c14d89a95f7e51d3198d"},
    {file = "grpcio-1.53.2-cp38-cp38-win32.whl", hash = "sha256:b16258a31269b97e26a08d71b5deb56499e86077d26e453fad8f6ec4c06fe666"},
    {file = "grpcio-1.53.2-cp38-cp38-win_amd64.whl", hash = "sha256:b676c4365a5753bc8c49f922a5f88bdb5df6746c670a9d859d2ba2f5f97d9269"},
    {file = "grpcio-1.53.2-cp39-cp39-linux_armv7l.whl", hash = "sha256:8fc7667564c8c15748354dea1bb4035c5118df4e9dc5154ccdb6e62a3e5a2bac"},
    {file = "grpcio-1.53.2-cp39-cp39-macosx_10_10_universal2.whl", hash = "sha256:80a8867746cff41c2db436dd9eea18ebbfcd0449d65b64b3ed3c995207898971"},
    {file = "grpcio-1.53.2-cp39-cp39-manylinux_2_17_aarch64.whl", hash = "sha256:431f864f2642a97d0aa8c6b606c307f03d22f919b1a226af90488426aed35809"},
    {file = "grpcio-1.53.2-cp39-cp39-manylinux_2_17_i686.manylinux2014_i686.whl", hash = "sha256:bea6a20c5a732a27b64623d43614b3022e6fcfc081a75236b7f9aa069d2eaa4d"},
    {file = "grpcio-1.53.2-cp39-cp39-manylinux_2_17_x86_64.manylinux2014_x86_64.whl", hash = "sha256:504af9e86ab01c9c33d8a452fe846aa931d024945f2e897537ccb8f7d76778ee"},
    {file = "grpcio-1.53.2-cp39-cp39-musllinux_1_1_i686.whl", hash = "sha256:2b4f5671f9e88b7f51f54adda37a23277b7fdebd1557c47543b3e8a8044dd510"},
    {file = "grpcio-1.53.2-cp39-cp39-musllinux_1_1_x86_64.whl", hash = "sha256:d9c51ca201326b49cfee38336c6e7dd1cb8a6b6d0dcf84aeaecbae310a736dbc"},
    {file = "grpcio-1.53.2-cp39-cp39-win32.whl", hash = "sha256:7e6885a8431939f1ee547e965fa3cb801a518b83d3d3509e90dbef78f0b5fd29"},
    {file = "grpcio-1.53.2-cp39-cp39-win_amd64.whl", hash = "sha256:ea84becb5cbd6a94a810c5214eb263ae57e915a9ed1bdcd5b4a6baf13d8c5177"},
    {file = "grpcio-1.53.2.tar.gz", hash = "sha256:0c9e42f2499c8603af1d88771dc97e2c6b0310c278337058fd7fd1ddb35ab853"},
]

[package.extras]
protobuf = ["grpcio-tools (>=1.53.2)"]

[[package]]
name = "grpcio-tools"
version = "1.51.1"
description = "Protobuf code generator for gRPC"
optional = false
python-versions = ">=3.7"
files = [
    {file = "grpcio-tools-1.51.1.tar.gz", hash = "sha256:8e62d23d3fed9d4f81738f98dd193dbd2e21aed4a8f0dd715e75b5439e649727"},
    {file = "grpcio_tools-1.51.1-cp310-cp310-linux_armv7l.whl", hash = "sha256:ecf1494cb695afead36995534f787761ee33fb9e116b23030113a37fe6057a83"},
    {file = "grpcio_tools-1.51.1-cp310-cp310-macosx_12_0_x86_64.whl", hash = "sha256:16b8b915625dc6eb2ea7efdfb06f1fae44a9066c9016453a2ca120c034f33090"},
    {file = "grpcio_tools-1.51.1-cp310-cp310-manylinux_2_17_aarch64.whl", hash = "sha256:d5e033c04b416afcddd5231b3ff94a34fb5d26fba2416eb940e69b05f22cfd25"},
    {file = "grpcio_tools-1.51.1-cp310-cp310-manylinux_2_17_i686.manylinux2014_i686.whl", hash = "sha256:0a218f64e667f3332b74080bdc5440aaf0fa6700ae07a0b54ecf085aaef2aa9f"},
    {file = "grpcio_tools-1.51.1-cp310-cp310-manylinux_2_17_x86_64.manylinux2014_x86_64.whl", hash = "sha256:d7b186183515ad6b8584ffe4bd820b72b00f6e7d121fb1c36294edeea9092313"},
    {file = "grpcio_tools-1.51.1-cp310-cp310-musllinux_1_1_i686.whl", hash = "sha256:ccd37165d7a3e93f460096a2eb62b7a9c1ebe5c424eaee42d8e92740d0c8f6bc"},
    {file = "grpcio_tools-1.51.1-cp310-cp310-musllinux_1_1_x86_64.whl", hash = "sha256:531586c5598a99658249f3c5e92826d6d2bb117abd6ffc88527d1e1d9eaef924"},
    {file = "grpcio_tools-1.51.1-cp310-cp310-win32.whl", hash = "sha256:392ad4cd004f7b843cf7d916d9a15b2d6585965bfef235be1c88d8f8649777e5"},
    {file = "grpcio_tools-1.51.1-cp310-cp310-win_amd64.whl", hash = "sha256:14e82c2b3ee7e300611c2c729d411b3b911e4cca5f4ec14787457a2fb72ff9d4"},
    {file = "grpcio_tools-1.51.1-cp311-cp311-linux_armv7l.whl", hash = "sha256:2281180490c475d09b7aa05dabafa5e09de9902176931e7295113f636c2b5360"},
    {file = "grpcio_tools-1.51.1-cp311-cp311-macosx_10_10_x86_64.whl", hash = "sha256:c4649af7f5d9553975ee66b6bfae20a84be779f13e163fa835e782961895e63c"},
    {file = "grpcio_tools-1.51.1-cp311-cp311-manylinux_2_17_i686.manylinux2014_i686.whl", hash = "sha256:f06bb0753b7cecbff154b523cfb8f45dee2c31b0a4c72bed7da44c57f1cba113"},
    {file = "grpcio_tools-1.51.1-cp311-cp311-manylinux_2_17_x86_64.manylinux2014_x86_64.whl", hash = "sha256:3a671466158ed74c07ee070fb940ed783acf59ba6e6e53cb4de8fd63819c6c7f"},
    {file = "grpcio_tools-1.51.1-cp311-cp311-musllinux_1_1_i686.whl", hash = "sha256:048793747339f327ea091d8f022c6756d89713d8080dffde5ce7380cc348ea8e"},
    {file = "grpcio_tools-1.51.1-cp311-cp311-musllinux_1_1_x86_64.whl", hash = "sha256:f6caf36e7752728329a28f93afec7c4ec9015fc1c6e4460bd1eb0f3737e1c55a"},
    {file = "grpcio_tools-1.51.1-cp311-cp311-win32.whl", hash = "sha256:67b304282cad38642587ebae68617e450e1ad4fa1c0c8b19e9e30274dbb32716"},
    {file = "grpcio_tools-1.51.1-cp311-cp311-win_amd64.whl", hash = "sha256:674b340f2f7bb2adbc3f15144bd37ce5ea83239f78b68dbbd0ea3cba00107e2b"},
    {file = "grpcio_tools-1.51.1-cp37-cp37m-linux_armv7l.whl", hash = "sha256:055819992ddd30c642a7fd6f344a03747be3afa95cb910f8a2e5efaabd41cde5"},
    {file = "grpcio_tools-1.51.1-cp37-cp37m-macosx_10_10_x86_64.whl", hash = "sha256:4e3249a2ec435b3b972610c66c8a714c188844500d564c910f57a2771dc61978"},
    {file = "grpcio_tools-1.51.1-cp37-cp37m-manylinux_2_17_aarch64.whl", hash = "sha256:794f26a09b70f4f101df5cf54c6c12dc1b65747ab1dee5bda02c2991389ade56"},
    {file = "grpcio_tools-1.51.1-cp37-cp37m-manylinux_2_17_i686.manylinux2014_i686.whl", hash = "sha256:4957f1ffa16598aa5379505fcbaeb47d65693a46b0817f4ee61db76707092aeb"},
    {file = "grpcio_tools-1.51.1-cp37-cp37m-manylinux_2_17_x86_64.manylinux2014_x86_64.whl", hash = "sha256:9906fb6bf6d9c30c23d85153f12d130f44325afe8f9ebe58aa7a6c82ecade9d8"},
    {file = "grpcio_tools-1.51.1-cp37-cp37m-musllinux_1_1_i686.whl", hash = "sha256:87bc5f3e3698c65907d397003c64d25c3ea84e3d6aa46dac133bd98bf66835ee"},
    {file = "grpcio_tools-1.51.1-cp37-cp37m-musllinux_1_1_x86_64.whl", hash = "sha256:a66b3a5d18a7615f0f828b72e2d2935751459c89cc4725e56bdfb3d2cd93281f"},
    {file = "grpcio_tools-1.51.1-cp37-cp37m-win32.whl", hash = "sha256:566809d9942e78821b279af70f3cf159a328127f9f3d5fee8d83ad8b2d27b2fe"},
    {file = "grpcio_tools-1.51.1-cp37-cp37m-win_amd64.whl", hash = "sha256:aab24a342642329de38139cb26f8492882ca0d8551bb87f6530bcc613945a0d0"},
    {file = "grpcio_tools-1.51.1-cp38-cp38-linux_armv7l.whl", hash = "sha256:6b83d7fc2597c6d392c225177d1fbbcff74900f8cc40b33236987fd1ff841330"},
    {file = "grpcio_tools-1.51.1-cp38-cp38-macosx_10_10_x86_64.whl", hash = "sha256:79c06d2577cb4d977922bbf01234de3b20f73d1784d3cbe3179deee1bdb9a60b"},
    {file = "grpcio_tools-1.51.1-cp38-cp38-manylinux_2_17_aarch64.whl", hash = "sha256:e9abc03d67793b1bf33dc766caa69a3333f9db029869ba6e8fc6cd9c251c0080"},
    {file = "grpcio_tools-1.51.1-cp38-cp38-manylinux_2_17_i686.manylinux2014_i686.whl", hash = "sha256:64d8ad369417759f5fdb8ffb7cbd6374fecc06ab51c9a226dee9bbd7d311c3b5"},
    {file = "grpcio_tools-1.51.1-cp38-cp38-manylinux_2_17_x86_64.manylinux2014_x86_64.whl", hash = "sha256:de51a0a71845b854f6a5967756c893c96bd03e37f39e5dce87b4f409dac36ee2"},
    {file = "grpcio_tools-1.51.1-cp38-cp38-musllinux_1_1_i686.whl", hash = "sha256:9dfe6c12b0e2c07f6a4a91a9912ef4e5bd007672533891a44e6f433ffbf7c3b1"},
    {file = "grpcio_tools-1.51.1-cp38-cp38-musllinux_1_1_x86_64.whl", hash = "sha256:27113b354f7587684eb55125733e6e5be1f489458abfe12344dabd918d8dcc54"},
    {file = "grpcio_tools-1.51.1-cp38-cp38-win32.whl", hash = "sha256:98777b5031f1b3c58b688815ffa83435c103b2152c26eb144f80f4a4bb34addb"},
    {file = "grpcio_tools-1.51.1-cp38-cp38-win_amd64.whl", hash = "sha256:1c44b57a6770b78a1eafe355878ff1ec59a2fa07455a2cbd522c071eedae04d4"},
    {file = "grpcio_tools-1.51.1-cp39-cp39-linux_armv7l.whl", hash = "sha256:49624394805568acd7d767dea5a00d970fca5ad8f395fe0161eeea0de5133eba"},
    {file = "grpcio_tools-1.51.1-cp39-cp39-macosx_10_10_x86_64.whl", hash = "sha256:6d6626a6e4dbe843df96dc8c08dd244d2191a75324f54bfa4ebaa3e76b0b1958"},
    {file = "grpcio_tools-1.51.1-cp39-cp39-manylinux_2_17_aarch64.whl", hash = "sha256:b4fb8ed6d29f2d6cf03ef99ffaad635bbc132a59be77013691392fe557e67144"},
    {file = "grpcio_tools-1.51.1-cp39-cp39-manylinux_2_17_i686.manylinux2014_i686.whl", hash = "sha256:d8cc862a1ad30f94528d66cc6f95fb9e659005e568313e54a23550535b649573"},
    {file = "grpcio_tools-1.51.1-cp39-cp39-manylinux_2_17_x86_64.manylinux2014_x86_64.whl", hash = "sha256:6e72a30be1746ea0749a8486d0ca0120c0b2757fe84fc246a5144b1ef66d7b89"},
    {file = "grpcio_tools-1.51.1-cp39-cp39-musllinux_1_1_i686.whl", hash = "sha256:331a897306adeec3c67470431ea8d8b4972b689d32966f94506d91f4dac20952"},
    {file = "grpcio_tools-1.51.1-cp39-cp39-musllinux_1_1_x86_64.whl", hash = "sha256:f336ad9be661d92fa45940e74e8ff3d78e67ebe9b4f7ea8774b2d680c17aeb6c"},
    {file = "grpcio_tools-1.51.1-cp39-cp39-win32.whl", hash = "sha256:40ef70e8c5d0310dedff9af502b520b4c7e215bce94094527fb959150a0c594a"},
    {file = "grpcio_tools-1.51.1-cp39-cp39-win_amd64.whl", hash = "sha256:15b8acf4eaa0ebe37e2f69108de49efd935b7abe9c7e58ba737490b99906aa76"},
]

[package.dependencies]
grpcio = ">=1.51.1"
protobuf = ">=4.21.6,<5.0dev"
setuptools = "*"

[[package]]
name = "protobuf"
version = "4.21.12"
description = ""
optional = false
python-versions = ">=3.7"
files = [
    {file = "protobuf-4.21.12-cp310-abi3-win32.whl", hash = "sha256:b135410244ebe777db80298297a97fbb4c862c881b4403b71bac9d4107d61fd1"},
    {file = "protobuf-4.21.12-cp310-abi3-win_amd64.whl", hash = "sha256:89f9149e4a0169cddfc44c74f230d7743002e3aa0b9472d8c28f0388102fc4c2"},
    {file = "protobuf-4.21.12-cp37-abi3-macosx_10_9_universal2.whl", hash = "sha256:299ea899484ee6f44604deb71f424234f654606b983cb496ea2a53e3c63ab791"},
    {file = "protobuf-4.21.12-cp37-abi3-manylinux2014_aarch64.whl", hash = "sha256:d1736130bce8cf131ac7957fa26880ca19227d4ad68b4888b3be0dea1f95df97"},
    {file = "protobuf-4.21.12-cp37-abi3-manylinux2014_x86_64.whl", hash = "sha256:78a28c9fa223998472886c77042e9b9afb6fe4242bd2a2a5aced88e3f4422aa7"},
    {file = "protobuf-4.21.12-cp37-cp37m-win32.whl", hash = "sha256:3d164928ff0727d97022957c2b849250ca0e64777ee31efd7d6de2e07c494717"},
    {file = "protobuf-4.21.12-cp37-cp37m-win_amd64.whl", hash = "sha256:f45460f9ee70a0ec1b6694c6e4e348ad2019275680bd68a1d9314b8c7e01e574"},
    {file = "protobuf-4.21.12-cp38-cp38-win32.whl", hash = "sha256:6ab80df09e3208f742c98443b6166bcb70d65f52cfeb67357d52032ea1ae9bec"},
    {file = "protobuf-4.21.12-cp38-cp38-win_amd64.whl", hash = "sha256:1f22ac0ca65bb70a876060d96d914dae09ac98d114294f77584b0d2644fa9c30"},
    {file = "protobuf-4.21.12-cp39-cp39-win32.whl", hash = "sha256:27f4d15021da6d2b706ddc3860fac0a5ddaba34ab679dc182b60a8bb4e1121cc"},
    {file = "protobuf-4.21.12-cp39-cp39-win_amd64.whl", hash = "sha256:237216c3326d46808a9f7c26fd1bd4b20015fb6867dc5d263a493ef9a539293b"},
    {file = "protobuf-4.21.12-py2.py3-none-any.whl", hash = "sha256:a53fd3f03e578553623272dc46ac2f189de23862e68565e83dde203d41b76fc5"},
    {file = "protobuf-4.21.12-py3-none-any.whl", hash = "sha256:b98d0148f84e3a3c569e19f52103ca1feacdac0d2df8d6533cf983d1fda28462"},
    {file = "protobuf-4.21.12.tar.gz", hash = "sha256:7cd532c4566d0e6feafecc1059d04c7915aec8e182d1cf7adee8b24ef1e2e6ab"},
]

[[package]]
name = "setuptools"
version = "67.0.0"
description = "Easily download, build, install, upgrade, and uninstall Python packages"
optional = false
python-versions = ">=3.7"
files = [
    {file = "setuptools-67.0.0-py3-none-any.whl", hash = "sha256:9d790961ba6219e9ff7d9557622d2fe136816a264dd01d5997cfc057d804853d"},
    {file = "setuptools-67.0.0.tar.gz", hash = "sha256:883131c5b6efa70b9101c7ef30b2b7b780a4283d5fc1616383cdf22c83cbefe6"},
]

[package.extras]
docs = ["furo", "jaraco.packaging (>=9)", "jaraco.tidelift (>=1.4)", "pygments-github-lexers (==0.0.5)", "rst.linker (>=1.9)", "sphinx (>=3.5)", "sphinx-favicon", "sphinx-hoverxref (<2)", "sphinx-inline-tabs", "sphinx-lint", "sphinx-notfound-page (==0.8.3)", "sphinx-reredirects", "sphinxcontrib-towncrier"]
testing = ["build[virtualenv]", "filelock (>=3.4.0)", "flake8 (<5)", "flake8-2020", "ini2toml[lite] (>=0.9)", "jaraco.envs (>=2.2)", "jaraco.path (>=3.2.0)", "pip (>=19.1)", "pip-run (>=8.8)", "pytest (>=6)", "pytest-black (>=0.3.7)", "pytest-checkdocs (>=2.4)", "pytest-cov", "pytest-enabler (>=1.3)", "pytest-flake8", "pytest-mypy (>=0.9.1)", "pytest-perf", "pytest-timeout", "pytest-xdist", "tomli-w (>=1.0.0)", "virtualenv (>=13.0.0)", "wheel"]
testing-integration = ["build[virtualenv]", "filelock (>=3.4.0)", "jaraco.envs (>=2.2)", "jaraco.path (>=3.2.0)", "pytest", "pytest-enabler", "pytest-xdist", "tomli", "virtualenv (>=13.0.0)", "wheel"]

[metadata]
lock-version = "2.0"
python-versions = "^3.10"
content-hash = "df79e051b97a6c7688fe13a0e14622b9fe8d47781097fc6068d6ddd606717938"
